
Microsoft Visual Studio Solution File, Format Version 12.00
# Visual Studio Version 16
VisualStudioVersion = 16.0.30517.126
MinimumVisualStudioVersion = 10.0.40219.1
Project("{FAE04EC0-301F-11D3-BF4B-00C04F79EFBC}") = "wi19b014", "wi19b014\wi19b014.csproj", "{0A796C99-3F7D-4F56-982D-41D9C1940D3E}"
EndProject
Global
	GlobalSection(SolutionConfigurationPlatforms) = preSolution
		Debug|Any CPU = Debug|Any CPU
		Release|Any CPU = Release|Any CPU
	EndGlobalSection
	GlobalSection(ProjectConfigurationPlatforms) = postSolution
		{0A796C99-3F7D-4F56-982D-41D9C1940D3E}.Debug|Any CPU.ActiveCfg = Debug|Any CPU
		{0A796C99-3F7D-4F56-982D-41D9C1940D3E}.Debug|Any CPU.Build.0 = Debug|Any CPU
		{0A796C99-3F7D-4F56-982D-41D9C1940D3E}.Release|Any CPU.ActiveCfg = Release|Any CPU
		{0A796C99-3F7D-4F56-982D-41D9C1940D3E}.Release|Any CPU.Build.0 = Release|Any CPU
	EndGlobalSection
	GlobalSection(SolutionProperties) = preSolution
		HideSolutionNode = FALSE
	EndGlobalSection
	GlobalSection(ExtensibilityGlobals) = postSolution
		SolutionGuid = {67F28B89-CD69-44F6-A418-9B8F2102E050}
	EndGlobalSection
EndGlobal
